
Microsoft Visual Studio Solution File, Format Version 12.00
# Visual Studio Version 17
VisualStudioVersion = 17.9.34616.47
MinimumVisualStudioVersion = 10.0.40219.1
Project("{FAE04EC0-301F-11D3-BF4B-00C04F79EFBC}") = "SchimbaCuloarea", "SchimbaCuloarea.csproj", "{4FFBAE86-2678-4D15-887F-1BD42B569E8A}"
EndProject
Global
	GlobalSection(SolutionConfigurationPlatforms) = preSolution
		Debug|Any CPU = Debug|Any CPU
		Release|Any CPU = Release|Any CPU
	EndGlobalSection
	GlobalSection(ProjectConfigurationPlatforms) = postSolution
		{4FFBAE86-2678-4D15-887F-1BD42B569E8A}.Debug|Any CPU.ActiveCfg = Debug|Any CPU
		{4FFBAE86-2678-4D15-887F-1BD42B569E8A}.Debug|Any CPU.Build.0 = Debug|Any CPU
		{4FFBAE86-2678-4D15-887F-1BD42B569E8A}.Release|Any CPU.ActiveCfg = Release|Any CPU
		{4FFBAE86-2678-4D15-887F-1BD42B569E8A}.Release|Any CPU.Build.0 = Release|Any CPU
	EndGlobalSection
	GlobalSection(SolutionProperties) = preSolution
		HideSolutionNode = FALSE
	EndGlobalSection
	GlobalSection(ExtensibilityGlobals) = postSolution
		SolutionGuid = {17D48279-2AD9-49FB-A3F5-CFFD8FE43139}
	EndGlobalSection
EndGlobal
